<?xml version="1.0" encoding="utf-8"?>
<Project ToolsVersion="4.0" xmlns="http://schemas.microsoft.com/developer/msbuild/2003">
  <ItemGroup>
    <Filter Include="Source Files">
      <UniqueIdentifier>{4FC737F1-C7A5-4376-A066-2A32D752A2FF}</UniqueIdentifier>
      <Extensions>cpp;c;cc;cxx;c++;cppm;ixx;def;odl;idl;hpj;bat;asm;asmx</Extensions>
    </Filter>
    <Filter Include="Header Files">
      <UniqueIdentifier>{93995380-89BD-4b04-88EB-625FBE52EBFB}</UniqueIdentifier>
      <Extensions>h;hh;hpp;hxx;h++;hm;inl;inc;ipp;xsd</Extensions>
    </Filter>
    <Filter Include="Resource Files">
      <UniqueIdentifier>{67DA6AB6-F800-4c08-8B7A-83BB121AAD01}</UniqueIdentifier>
      <Extensions>rc;ico;cur;bmp;dlg;rc2;rct;bin;rgs;gif;jpg;jpeg;jpe;resx;tiff;tif;png;wav;mfcribbon-ms</Extensions>
    </Filter>
    <Filter Include="Shaders">
      <UniqueIdentifier>{476c2b82-8101-48d6-be44-97cd325c5445}</UniqueIdentifier>
    </Filter>
    <Filter Include="Framework">
      <UniqueIdentifier>{114b657d-6051-4868-811e-21c982c0b3f6}</UniqueIdentifier>
    </Filter>
    <Filter Include="PongGame">
      <UniqueIdentifier>{047e0f84-2a17-4cd3-8fe5-56264c3b6c14}</UniqueIdentifier>
    </Filter>
    <Filter Include="SolarSystem">
      <UniqueIdentifier>{c2f80ca2-a2fa-4cfa-8226-ccedcfa10806}</UniqueIdentifier>
    </Filter>
  </ItemGroup>
  <ItemGroup>
    <ClCompile Include="BaseFramework.cpp">
      <Filter>Source Files</Filter>
    </ClCompile>
    <ClCompile Include="Framework\FPSCamera.cpp">
      <Filter>Source Files</Filter>
    </ClCompile>
    <ClCompile Include="Framework\Graphics.cpp">
      <Filter>Source Files</Filter>
    </ClCompile>
    <ClCompile Include="Framework\OrbitalCamera.cpp">
      <Filter>Source Files</Filter>
    </ClCompile>
    <ClCompile Include="Framework\Window.cpp">
      <Filter>Source Files</Filter>
    </ClCompile>
    <ClCompile Include="PongGame\BallComponent.cpp">
      <Filter>Source Files</Filter>
    </ClCompile>
    <ClCompile Include="PongGame\BatComponent.cpp">
      <Filter>Source Files</Filter>
    </ClCompile>
    <ClCompile Include="PongGame\PongGame.cpp">
      <Filter>Source Files</Filter>
    </ClCompile>
    <ClCompile Include="SolarGame\CubeComponent.cpp">
      <Filter>Source Files</Filter>
    </ClCompile>
    <ClCompile Include="SolarGame\SolarGame.cpp">
      <Filter>Source Files</Filter>
    </ClCompile>
    <ClCompile Include="SolarGame\SphereComponent.cpp">
      <Filter>Source Files</Filter>
    </ClCompile>
    <ClCompile Include="Framework\GridComponent.cpp">
      <Filter>Source Files</Filter>
    </ClCompile>
    <ClCompile Include="LightGame\LightGame.cpp">
      <Filter>Source Files</Filter>
    </ClCompile>
    <ClCompile Include="Framework\Shaders.cpp">
      <Filter>Source Files</Filter>
    </ClCompile>
    <ClCompile Include="Framework\AmbientLight.cpp">
      <Filter>Source Files</Filter>
    </ClCompile>
    <ClCompile Include="Framework\Color.cpp">
      <Filter>Source Files</Filter>
    </ClCompile>
    <ClCompile Include="Framework\Mesh.cpp">
      <Filter>Source Files</Filter>
    </ClCompile>
    <ClCompile Include="Framework\Model.cpp">
      <Filter>Source Files</Filter>
    </ClCompile>
    <ClCompile Include="Framework\StringHelper.cpp">
      <Filter>Source Files</Filter>
    </ClCompile>
    <ClCompile Include="Framework\Texture.cpp">
      <Filter>Source Files</Filter>
    </ClCompile>
    <ClCompile Include="ImGUI\imgui.cpp">
      <Filter>Source Files</Filter>
    </ClCompile>
    <ClCompile Include="ImGUI\imgui_draw.cpp">
      <Filter>Source Files</Filter>
    </ClCompile>
    <ClCompile Include="ImGUI\imgui_impl_dx11.cpp">
      <Filter>Source Files</Filter>
    </ClCompile>
    <ClCompile Include="ImGUI\imgui_impl_win32.cpp">
      <Filter>Source Files</Filter>
    </ClCompile>
    <ClCompile Include="ImGUI\imgui_tables.cpp">
      <Filter>Source Files</Filter>
    </ClCompile>
    <ClCompile Include="ImGUI\imgui_widgets.cpp">
      <Filter>Source Files</Filter>
    </ClCompile>
  </ItemGroup>
  <ItemGroup>
    <None Include="packages.config" />
  </ItemGroup>
  <ItemGroup>
    <ClInclude Include="Framework\Forward.h">
      <Filter>Header Files</Filter>
    </ClInclude>
    <ClInclude Include="Framework\FPSCamera.h">
      <Filter>Header Files</Filter>
    </ClInclude>
    <ClInclude Include="Framework\GameComponent.h">
      <Filter>Header Files</Filter>
    </ClInclude>
    <ClInclude Include="Framework\Graphics.h">
      <Filter>Header Files</Filter>
    </ClInclude>
    <ClInclude Include="Framework\IGame.h">
      <Filter>Header Files</Filter>
    </ClInclude>
    <ClInclude Include="Framework\OrbitalCamera.h">
      <Filter>Header Files</Filter>
    </ClInclude>
    <ClInclude Include="Framework\pch.h">
      <Filter>Header Files</Filter>
    </ClInclude>
    <ClInclude Include="Framework\StepTimer.h">
      <Filter>Header Files</Filter>
    </ClInclude>
    <ClInclude Include="Framework\Window.h">
      <Filter>Header Files</Filter>
    </ClInclude>
    <ClInclude Include="Framework\XYZGameComponent.h">
      <Filter>Header Files</Filter>
    </ClInclude>
    <ClInclude Include="PongGame\BallComponent.h">
      <Filter>Header Files</Filter>
    </ClInclude>
    <ClInclude Include="PongGame\BatComponent.h">
      <Filter>Header Files</Filter>
    </ClInclude>
    <ClInclude Include="PongGame\PongGame.h">
      <Filter>Header Files</Filter>
    </ClInclude>
    <ClInclude Include="SolarGame\CubeComponent.h">
      <Filter>Header Files</Filter>
    </ClInclude>
    <ClInclude Include="SolarGame\SolarGame.h">
      <Filter>Header Files</Filter>
    </ClInclude>
    <ClInclude Include="SolarGame\SphereComponent.h">
      <Filter>Header Files</Filter>
    </ClInclude>
    <ClInclude Include="Framework\GridComponent.h">
      <Filter>Header Files</Filter>
    </ClInclude>
    <ClInclude Include="LightGame\LightGame.h">
      <Filter>Header Files</Filter>
    </ClInclude>
    <ClInclude Include="Framework\ConstantBuffer.h">
      <Filter>Header Files</Filter>
    </ClInclude>
    <ClInclude Include="Framework\IndexBuffer.h">
      <Filter>Header Files</Filter>
    </ClInclude>
    <ClInclude Include="Framework\Shaders.h">
      <Filter>Header Files</Filter>
    </ClInclude>
    <ClInclude Include="Framework\VertexBuffer.h">
      <Filter>Header Files</Filter>
    </ClInclude>
    <ClInclude Include="Framework\AmbientLight.h">
      <Filter>Header Files</Filter>
    </ClInclude>
    <ClInclude Include="Framework\Color.h">
      <Filter>Header Files</Filter>
    </ClInclude>
    <ClInclude Include="Framework\ConstBuffers.h">
      <Filter>Header Files</Filter>
    </ClInclude>
    <ClInclude Include="Framework\Mesh.h">
      <Filter>Header Files</Filter>
    </ClInclude>
    <ClInclude Include="Framework\Model.h">
      <Filter>Header Files</Filter>
    </ClInclude>
    <ClInclude Include="Framework\StringHelper.h">
      <Filter>Header Files</Filter>
    </ClInclude>
    <ClInclude Include="Framework\Texture.h">
      <Filter>Header Files</Filter>
    </ClInclude>
    <ClInclude Include="Framework\Vertex.h">
      <Filter>Header Files</Filter>
    </ClInclude>
    <ClInclude Include="ImGUI\imconfig.h">
      <Filter>Header Files</Filter>
    </ClInclude>
    <ClInclude Include="ImGUI\imgui.h">
      <Filter>Header Files</Filter>
    </ClInclude>
    <ClInclude Include="ImGUI\imgui_impl_dx11.h">
      <Filter>Header Files</Filter>
    </ClInclude>
    <ClInclude Include="ImGUI\imgui_impl_win32.h">
      <Filter>Header Files</Filter>
    </ClInclude>
    <ClInclude Include="ImGUI\imgui_internal.h">
      <Filter>Header Files</Filter>
    </ClInclude>
    <ClInclude Include="ImGUI\imstb_rectpack.h">
      <Filter>Header Files</Filter>
    </ClInclude>
    <ClInclude Include="ImGUI\imstb_textedit.h">
      <Filter>Header Files</Filter>
    </ClInclude>
    <ClInclude Include="ImGUI\imstb_truetype.h">
      <Filter>Header Files</Filter>
    </ClInclude>
  </ItemGroup>
  <ItemGroup>
    <FxCompile Include="Shaders\PixelShader.hlsl" />
    <FxCompile Include="Shaders\VertexShader.hlsl" />
    <FxCompile Include="Shaders\PSModel.hlsl" />
    <FxCompile Include="Shaders\VSModel.hlsl" />
  </ItemGroup>
</Project>